golang.org/x/crypto v0.52.0 h1:RMs7fP2rXdep0CftQlK8Uf+kibLm7qkCcradZWYz988=
golang.org/x/crypto v0.52.0/go.mod h1:1QgfPxDqh0T2M/elOJtp9RvuR95kVjir0e6/BvEmGbc=
golang.org/x/net v0.54.0 h1:2zJIZAxAHV/OHCDTCOHAYehQzLfSXuf/5SoL/Dv6w/w=
golang.org/x/net v0.54.0/go.mod h1:Sj4oj8jK6XmHpBZU/zWHw3BV3abl4Kvi+Ut7cQcY+cQ=
golang.org/x/sys v0.45.0 h1:dO4czNzziLiiXplLQgBCEpCvXQ3dnkn0SdaZSYdQ+FY=
golang.org/x/sys v0.45.0/go.mod h1:4GL1E5IUh+htKOUEOaiffhrAeqysfVGipDYzABqnCmw=
golang.zx2c4.com/wintun v0.0.0-20230126152724-0fa3db229ce2 h1:B82qJJgjvYKsXS9jeunTOisW56dUokqW/FOteYJJ/yg=
golang.zx2c4.com/wintun v0.0.0-20230126152724-0fa3db229ce2/go.mod h1:deeaetjYA+DHMHg+sMSMI58GrEteJUUzzw7en6TJQcI=
golang.zx2c4.com/wireguard v0.0.0-20230209153558-1e2c3e5a3c14 h1:HVTnb30bngAvlUMb5VRy4jELMvWL5VIapumjqzFXMZc=
golang.zx2c4.com/wireguard v0.0.0-20230209153558-1e2c3e5a3c14/go.mod h1:whfbyDBt09xhCYQWtO2+3UVjlaq6/9hDZrjg2ZE6SyA=
